
Microsoft Visual Studio Solution File, Format Version 12.00
# Visual Studio Version 16
VisualStudioVersion = 16.0.28714.193
MinimumVisualStudioVersion = 10.0.40219.1
Project("{8BC9CEB8-8B4A-11D0-8D11-00A0C91BC942}") = "PDAutomata", "PDAutomata\PDAutomata.vcxproj", "{9AC5148D-BB1D-44C5-BE7F-95AF5FC93FEE}"
EndProject
Global
	GlobalSection(SolutionConfigurationPlatforms) = preSolution
		Debug|x64 = Debug|x64
		Debug|x86 = Debug|x86
		Release|x64 = Release|x64
		Release|x86 = Release|x86
	EndGlobalSection
	GlobalSection(ProjectConfigurationPlatforms) = postSolution
		{9AC5148D-BB1D-44C5-BE7F-95AF5FC93FEE}.Debug|x64.ActiveCfg = Debug|x64
		{9AC5148D-BB1D-44C5-BE7F-95AF5FC93FEE}.Debug|x64.Build.0 = Debug|x64
		{9AC5148D-BB1D-44C5-BE7F-95AF5FC93FEE}.Debug|x86.ActiveCfg = Debug|Win32
		{9AC5148D-BB1D-44C5-BE7F-95AF5FC93FEE}.Debug|x86.Build.0 = Debug|Win32
		{9AC5148D-BB1D-44C5-BE7F-95AF5FC93FEE}.Release|x64.ActiveCfg = Release|x64
		{9AC5148D-BB1D-44C5-BE7F-95AF5FC93FEE}.Release|x64.Build.0 = Release|x64
		{9AC5148D-BB1D-44C5-BE7F-95AF5FC93FEE}.Release|x86.ActiveCfg = Release|Win32
		{9AC5148D-BB1D-44C5-BE7F-95AF5FC93FEE}.Release|x86.Build.0 = Release|Win32
	EndGlobalSection
	GlobalSection(SolutionProperties) = preSolution
		HideSolutionNode = FALSE
	EndGlobalSection
	GlobalSection(ExtensibilityGlobals) = postSolution
		SolutionGuid = {62513870-9792-4449-9B23-C9D3BB2071AB}
	EndGlobalSection
EndGlobal
